
Microsoft Visual Studio Solution File, Format Version 12.00
# Visual Studio 15
VisualStudioVersion = 15.0.27703.2042
MinimumVisualStudioVersion = 10.0.40219.1
Project("{FAE04EC0-301F-11D3-BF4B-00C04F79EFBC}") = "FullName_2", "FullName_2\FullName_2.csproj", "{FA50443B-7CC2-45C7-89BF-0E4AD453D37C}"
EndProject
Global
	GlobalSection(SolutionConfigurationPlatforms) = preSolution
		Debug|Any CPU = Debug|Any CPU
		Release|Any CPU = Release|Any CPU
	EndGlobalSection
	GlobalSection(ProjectConfigurationPlatforms) = postSolution
		{FA50443B-7CC2-45C7-89BF-0E4AD453D37C}.Debug|Any CPU.ActiveCfg = Debug|Any CPU
		{FA50443B-7CC2-45C7-89BF-0E4AD453D37C}.Debug|Any CPU.Build.0 = Debug|Any CPU
		{FA50443B-7CC2-45C7-89BF-0E4AD453D37C}.Release|Any CPU.ActiveCfg = Release|Any CPU
		{FA50443B-7CC2-45C7-89BF-0E4AD453D37C}.Release|Any CPU.Build.0 = Release|Any CPU
	EndGlobalSection
	GlobalSection(SolutionProperties) = preSolution
		HideSolutionNode = FALSE
	EndGlobalSection
	GlobalSection(ExtensibilityGlobals) = postSolution
		SolutionGuid = {CF0B1B63-BB4B-49DA-9355-0DB59CEB3653}
	EndGlobalSection
EndGlobal
